
Microsoft Visual Studio Solution File, Format Version 12.00
# Visual Studio Version 17
VisualStudioVersion = 17.1.32421.90
MinimumVisualStudioVersion = 10.0.40219.1
Project("{FAE04EC0-301F-11D3-BF4B-00C04F79EFBC}") = "LC_Blåhaj", "LC_Blåhaj\LC_Blåhaj.csproj", "{349B55F3-8FA2-413E-B05F-317BE6634FCE}"
EndProject
Global
	GlobalSection(SolutionConfigurationPlatforms) = preSolution
		Debug|Any CPU = Debug|Any CPU
		Release|Any CPU = Release|Any CPU
	EndGlobalSection
	GlobalSection(ProjectConfigurationPlatforms) = postSolution
		{349B55F3-8FA2-413E-B05F-317BE6634FCE}.Debug|Any CPU.ActiveCfg = Debug|Any CPU
		{349B55F3-8FA2-413E-B05F-317BE6634FCE}.Debug|Any CPU.Build.0 = Debug|Any CPU
		{349B55F3-8FA2-413E-B05F-317BE6634FCE}.Release|Any CPU.ActiveCfg = Release|Any CPU
		{349B55F3-8FA2-413E-B05F-317BE6634FCE}.Release|Any CPU.Build.0 = Release|Any CPU
	EndGlobalSection
	GlobalSection(SolutionProperties) = preSolution
		HideSolutionNode = FALSE
	EndGlobalSection
	GlobalSection(ExtensibilityGlobals) = postSolution
		SolutionGuid = {0A984E0A-E5E5-428C-B96A-69E755921C7D}
	EndGlobalSection
EndGlobal
